Microsoft Visual Studio Solution File, Format Version 12.00
# Visual Studio Version 17
VisualStudioVersion = 17.5.2.0
MinimumVisualStudioVersion = 10.0.40219.1
Project("{FAE04EC0-301F-11D3-BF4B-00C04F79EFBC}") = "LayerApi", "LayerApi.csproj", "{CA481742-DA5C-5167-3E3E-49B1C472A14F}"
EndProject
Global
	GlobalSection(SolutionConfigurationPlatforms) = preSolution
		Debug|Any CPU = Debug|Any CPU
		Release|Any CPU = Release|Any CPU
	EndGlobalSection
	GlobalSection(ProjectConfigurationPlatforms) = postSolution
		{CA481742-DA5C-5167-3E3E-49B1C472A14F}.Debug|Any CPU.ActiveCfg = Debug|Any CPU
		{CA481742-DA5C-5167-3E3E-49B1C472A14F}.Debug|Any CPU.Build.0 = Debug|Any CPU
		{CA481742-DA5C-5167-3E3E-49B1C472A14F}.Release|Any CPU.ActiveCfg = Release|Any CPU
		{CA481742-DA5C-5167-3E3E-49B1C472A14F}.Release|Any CPU.Build.0 = Release|Any CPU
	EndGlobalSection
	GlobalSection(SolutionProperties) = preSolution
		HideSolutionNode = FALSE
	EndGlobalSection
	GlobalSection(ExtensibilityGlobals) = postSolution
		SolutionGuid = {A1CF6C83-A788-47E5-BAD5-3ABC32FFDB9F}
	EndGlobalSection
EndGlobal
